
Microsoft Visual Studio Solution File, Format Version 12.00
# Visual Studio 15
VisualStudioVersion = 15.0.28307.1082
MinimumVisualStudioVersion = 10.0.40219.1
Project("{FAE04EC0-301F-11D3-BF4B-00C04F79EFBC}") = "PythonAutoPlay", "PythonAutoPlay\PythonAutoPlay.csproj", "{2BB29E90-D107-4DD0-AEFD-19A80395EF39}"
EndProject
Global
	GlobalSection(SolutionConfigurationPlatforms) = preSolution
		Debug|Any CPU = Debug|Any CPU
		Release|Any CPU = Release|Any CPU
	EndGlobalSection
	GlobalSection(ProjectConfigurationPlatforms) = postSolution
		{2BB29E90-D107-4DD0-AEFD-19A80395EF39}.Debug|Any CPU.ActiveCfg = Debug|Any CPU
		{2BB29E90-D107-4DD0-AEFD-19A80395EF39}.Debug|Any CPU.Build.0 = Debug|Any CPU
		{2BB29E90-D107-4DD0-AEFD-19A80395EF39}.Release|Any CPU.ActiveCfg = Release|Any CPU
		{2BB29E90-D107-4DD0-AEFD-19A80395EF39}.Release|Any CPU.Build.0 = Release|Any CPU
	EndGlobalSection
	GlobalSection(SolutionProperties) = preSolution
		HideSolutionNode = FALSE
	EndGlobalSection
	GlobalSection(ExtensibilityGlobals) = postSolution
		SolutionGuid = {BE126098-CEE6-4E3F-AF10-64C28E03C46C}
	EndGlobalSection
EndGlobal
